
Microsoft Visual Studio Solution File, Format Version 12.00
# Visual Studio 15
VisualStudioVersion = 15.0.28307.421
MinimumVisualStudioVersion = 10.0.40219.1
Project("{FAE04EC0-301F-11D3-BF4B-00C04F79EFBC}") = "HotelRestService", "HotelRestService\HotelRestService.csproj", "{45DA33DD-404E-4D91-ADAD-6CB354DAF6E5}"
EndProject
Project("{FAE04EC0-301F-11D3-BF4B-00C04F79EFBC}") = "HotelModel", "HotelModel\HotelModel.csproj", "{4DE42509-50CD-40AC-800C-801965DAC6D4}"
EndProject
Project("{FAE04EC0-301F-11D3-BF4B-00C04F79EFBC}") = "InputConsole", "InputConsole\InputConsole.csproj", "{A18171AA-BC81-450C-A2BA-CA372BDC0372}"
EndProject
Global
	GlobalSection(SolutionConfigurationPlatforms) = preSolution
		Debug|Any CPU = Debug|Any CPU
		Release|Any CPU = Release|Any CPU
	EndGlobalSection
	GlobalSection(ProjectConfigurationPlatforms) = postSolution
		{45DA33DD-404E-4D91-ADAD-6CB354DAF6E5}.Debug|Any CPU.ActiveCfg = Debug|Any CPU
		{45DA33DD-404E-4D91-ADAD-6CB354DAF6E5}.Debug|Any CPU.Build.0 = Debug|Any CPU
		{45DA33DD-404E-4D91-ADAD-6CB354DAF6E5}.Release|Any CPU.ActiveCfg = Release|Any CPU
		{45DA33DD-404E-4D91-ADAD-6CB354DAF6E5}.Release|Any CPU.Build.0 = Release|Any CPU
		{4DE42509-50CD-40AC-800C-801965DAC6D4}.Debug|Any CPU.ActiveCfg = Debug|Any CPU
		{4DE42509-50CD-40AC-800C-801965DAC6D4}.Debug|Any CPU.Build.0 = Debug|Any CPU
		{4DE42509-50CD-40AC-800C-801965DAC6D4}.Release|Any CPU.ActiveCfg = Release|Any CPU
		{4DE42509-50CD-40AC-800C-801965DAC6D4}.Release|Any CPU.Build.0 = Release|Any CPU
		{A18171AA-BC81-450C-A2BA-CA372BDC0372}.Debug|Any CPU.ActiveCfg = Debug|Any CPU
		{A18171AA-BC81-450C-A2BA-CA372BDC0372}.Debug|Any CPU.Build.0 = Debug|Any CPU
		{A18171AA-BC81-450C-A2BA-CA372BDC0372}.Release|Any CPU.ActiveCfg = Release|Any CPU
		{A18171AA-BC81-450C-A2BA-CA372BDC0372}.Release|Any CPU.Build.0 = Release|Any CPU
	EndGlobalSection
	GlobalSection(SolutionProperties) = preSolution
		HideSolutionNode = FALSE
	EndGlobalSection
	GlobalSection(ExtensibilityGlobals) = postSolution
		SolutionGuid = {6B02469F-4754-4286-8281-7D176C0FEB58}
	EndGlobalSection
EndGlobal
